
Microsoft Visual Studio Solution File, Format Version 12.00
# Visual Studio Version 17
VisualStudioVersion = 17.0.31912.275
MinimumVisualStudioVersion = 10.0.40219.1
Project("{9A19103F-16F7-4668-BE54-9A1E7A4F7556}") = "AvaRaspberry", "AvaRaspberry\AvaRaspberry.csproj", "{CF5819AD-C05D-4D6B-9253-2A7B7E78ADDA}"
EndProject
Project("{9A19103F-16F7-4668-BE54-9A1E7A4F7556}") = "qBittorrent.qBittorrentApi", "QBit\qBittorrent.qBittorrentApi.csproj", "{74627F78-CD6B-4A26-BA57-6150C7E93CAE}"
EndProject
Project("{9A19103F-16F7-4668-BE54-9A1E7A4F7556}") = "SYno", "SYno\SYno.csproj", "{B1448E41-3014-4E3D-BA94-6D74037B00BB}"
EndProject
Global
	GlobalSection(SolutionConfigurationPlatforms) = preSolution
		Debug|Any CPU = Debug|Any CPU
		Release|Any CPU = Release|Any CPU
	EndGlobalSection
	GlobalSection(ProjectConfigurationPlatforms) = postSolution
		{CF5819AD-C05D-4D6B-9253-2A7B7E78ADDA}.Debug|Any CPU.ActiveCfg = Debug|Any CPU
		{CF5819AD-C05D-4D6B-9253-2A7B7E78ADDA}.Debug|Any CPU.Build.0 = Debug|Any CPU
		{CF5819AD-C05D-4D6B-9253-2A7B7E78ADDA}.Release|Any CPU.ActiveCfg = Release|Any CPU
		{CF5819AD-C05D-4D6B-9253-2A7B7E78ADDA}.Release|Any CPU.Build.0 = Release|Any CPU
		{74627F78-CD6B-4A26-BA57-6150C7E93CAE}.Debug|Any CPU.ActiveCfg = Debug|Any CPU
		{74627F78-CD6B-4A26-BA57-6150C7E93CAE}.Debug|Any CPU.Build.0 = Debug|Any CPU
		{74627F78-CD6B-4A26-BA57-6150C7E93CAE}.Release|Any CPU.ActiveCfg = Release|Any CPU
		{74627F78-CD6B-4A26-BA57-6150C7E93CAE}.Release|Any CPU.Build.0 = Release|Any CPU
		{B1448E41-3014-4E3D-BA94-6D74037B00BB}.Debug|Any CPU.ActiveCfg = Debug|Any CPU
		{B1448E41-3014-4E3D-BA94-6D74037B00BB}.Debug|Any CPU.Build.0 = Debug|Any CPU
		{B1448E41-3014-4E3D-BA94-6D74037B00BB}.Release|Any CPU.ActiveCfg = Release|Any CPU
		{B1448E41-3014-4E3D-BA94-6D74037B00BB}.Release|Any CPU.Build.0 = Release|Any CPU
	EndGlobalSection
	GlobalSection(SolutionProperties) = preSolution
		HideSolutionNode = FALSE
	EndGlobalSection
	GlobalSection(ExtensibilityGlobals) = postSolution
		SolutionGuid = {3EE5B5DD-F686-4862-B48E-42F2A6239040}
	EndGlobalSection
EndGlobal
